# generated by rye
# use `rye lock` or `rye sync` to update this lockfile
#
# last locked with the following flags:
#   pre: false
#   features: []
#   all-features: false
#   with-sources: false

-e file:.
contourpy==1.1.1
    # via matplotlib
coverage==7.4.4
    # via pytest-cov
cycler==0.12.1
    # via matplotlib
exceptiongroup==1.2.0
    # via pytest
fonttools==4.50.0
    # via matplotlib
importlib-resources==6.4.0
    # via matplotlib
iniconfig==2.0.0
    # via pytest
kiwisolver==1.4.5
    # via matplotlib
matplotlib==3.7.5
    # via seaborn
nodeenv==1.8.0
    # via pyright
numpy==1.24.4
    # via contourpy
    # via matplotlib
    # via pandas
    # via seaborn
packaging==24.0
    # via matplotlib
    # via pytest
pandas==2.0.3
    # via seaborn
pillow==10.2.0
    # via matplotlib
pluggy==1.4.0
    # via pytest
pyparsing==3.1.2
    # via matplotlib
pyright==1.1.355
pytest==8.1.1
    # via pytest-cov
pytest-cov==4.1.0
python-dateutil==2.9.0.post0
    # via matplotlib
    # via pandas
pytz==2024.1
    # via pandas
seaborn==0.13.2
setuptools==69.2.0
    # via nodeenv
six==1.16.0
    # via python-dateutil
tomli==2.0.1
    # via coverage
    # via pytest
tzdata==2024.1
    # via pandas
zipp==3.18.1
    # via importlib-resources
